
Microsoft Visual Studio Solution File, Format Version 12.00
# Visual Studio Version 17
VisualStudioVersion = 17.7.34031.279
MinimumVisualStudioVersion = 10.0.40219.1
Project("{FAE04EC0-301F-11D3-BF4B-00C04F79EFBC}") = "bankChallegeBlazorApp", "bankChallegeBlazorApp.csproj", "{FDA49BD0-5CCF-4632-8748-CAE9692BD33E}"
EndProject
Global
	GlobalSection(SolutionConfigurationPlatforms) = preSolution
		Debug|Any CPU = Debug|Any CPU
		Release|Any CPU = Release|Any CPU
	EndGlobalSection
	GlobalSection(ProjectConfigurationPlatforms) = postSolution
		{FDA49BD0-5CCF-4632-8748-CAE9692BD33E}.Debug|Any CPU.ActiveCfg = Debug|Any CPU
		{FDA49BD0-5CCF-4632-8748-CAE9692BD33E}.Debug|Any CPU.Build.0 = Debug|Any CPU
		{FDA49BD0-5CCF-4632-8748-CAE9692BD33E}.Release|Any CPU.ActiveCfg = Release|Any CPU
		{FDA49BD0-5CCF-4632-8748-CAE9692BD33E}.Release|Any CPU.Build.0 = Release|Any CPU
	EndGlobalSection
	GlobalSection(SolutionProperties) = preSolution
		HideSolutionNode = FALSE
	EndGlobalSection
	GlobalSection(ExtensibilityGlobals) = postSolution
		SolutionGuid = {2A9E54DB-E25C-4BF6-8641-2364B2F0F5C0}
	EndGlobalSection
EndGlobal
